
Microsoft Visual Studio Solution File, Format Version 12.00
# Visual Studio 15
VisualStudioVersion = 15.0.27004.2005
MinimumVisualStudioVersion = 10.0.40219.1
Project("{8BC9CEB8-8B4A-11D0-8D11-00A0C91BC942}") = "TestApp", "GPU-Uebungen\GPU-Uebungen.vcxproj", "{B797FCF2-2333-4270-BACE-19900723FC21}"
EndProject
Project("{8BC9CEB8-8B4A-11D0-8D11-00A0C91BC942}") = "MatrixVectorMultiplication", "MatrixVectorMultiplication\MatrixVectorMultiplication.vcxproj", "{9BFD99FC-E98D-4A93-9CDC-D991B01C9B9A}"
EndProject
Project("{8BC9CEB8-8B4A-11D0-8D11-00A0C91BC942}") = "Binaer", "Binaer\Binaer.vcxproj", "{557B5789-81DD-4DEB-8A09-529C92905312}"
EndProject
Project("{8BC9CEB8-8B4A-11D0-8D11-00A0C91BC942}") = "VectorAdd", "VectorMulti\VectorMulti.vcxproj", "{14CC46E3-0626-423B-B29D-AA7EDD1EE251}"
EndProject
Project("{8BC9CEB8-8B4A-11D0-8D11-00A0C91BC942}") = "POXISTestApp", "POXISTestApp\POXISTestApp.vcxproj", "{58D9F004-AE4C-4EE7-9A1A-33F9C0F96883}"
EndProject
Project("{8BC9CEB8-8B4A-11D0-8D11-00A0C91BC942}") = "POSIXMatrix", "POSIXMatrix\POSIXMatrix.vcxproj", "{41D4E0FA-0137-477B-94B0-830E7BB12706}"
EndProject
Global
	GlobalSection(SolutionConfigurationPlatforms) = preSolution
		Debug|x64 = Debug|x64
		Debug|x86 = Debug|x86
		Release|x64 = Release|x64
		Release|x86 = Release|x86
		TM_Debug|x64 = TM_Debug|x64
		TM_Debug|x86 = TM_Debug|x86
	EndGlobalSection
	GlobalSection(ProjectConfigurationPlatforms) = postSolution
		{B797FCF2-2333-4270-BACE-19900723FC21}.Debug|x64.ActiveCfg = Debug|x64
		{B797FCF2-2333-4270-BACE-19900723FC21}.Debug|x64.Build.0 = Debug|x64
		{B797FCF2-2333-4270-BACE-19900723FC21}.Debug|x86.ActiveCfg = Debug|Win32
		{B797FCF2-2333-4270-BACE-19900723FC21}.Debug|x86.Build.0 = Debug|Win32
		{B797FCF2-2333-4270-BACE-19900723FC21}.Release|x64.ActiveCfg = Release|x64
		{B797FCF2-2333-4270-BACE-19900723FC21}.Release|x64.Build.0 = Release|x64
		{B797FCF2-2333-4270-BACE-19900723FC21}.Release|x86.ActiveCfg = Release|Win32
		{B797FCF2-2333-4270-BACE-19900723FC21}.Release|x86.Build.0 = Release|Win32
		{B797FCF2-2333-4270-BACE-19900723FC21}.TM_Debug|x64.ActiveCfg = TM_Debug|x64
		{B797FCF2-2333-4270-BACE-19900723FC21}.TM_Debug|x64.Build.0 = TM_Debug|x64
		{B797FCF2-2333-4270-BACE-19900723FC21}.TM_Debug|x86.ActiveCfg = TM_Debug|Win32
		{B797FCF2-2333-4270-BACE-19900723FC21}.TM_Debug|x86.Build.0 = TM_Debug|Win32
		{9BFD99FC-E98D-4A93-9CDC-D991B01C9B9A}.Debug|x64.ActiveCfg = Debug|x64
		{9BFD99FC-E98D-4A93-9CDC-D991B01C9B9A}.Debug|x64.Build.0 = Debug|x64
		{9BFD99FC-E98D-4A93-9CDC-D991B01C9B9A}.Debug|x86.ActiveCfg = Debug|Win32
		{9BFD99FC-E98D-4A93-9CDC-D991B01C9B9A}.Debug|x86.Build.0 = Debug|Win32
		{9BFD99FC-E98D-4A93-9CDC-D991B01C9B9A}.Release|x64.ActiveCfg = Release|x64
		{9BFD99FC-E98D-4A93-9CDC-D991B01C9B9A}.Release|x64.Build.0 = Release|x64
		{9BFD99FC-E98D-4A93-9CDC-D991B01C9B9A}.Release|x86.ActiveCfg = Release|Win32
		{9BFD99FC-E98D-4A93-9CDC-D991B01C9B9A}.Release|x86.Build.0 = Release|Win32
		{9BFD99FC-E98D-4A93-9CDC-D991B01C9B9A}.TM_Debug|x64.ActiveCfg = TM_Debug|x64
		{9BFD99FC-E98D-4A93-9CDC-D991B01C9B9A}.TM_Debug|x64.Build.0 = TM_Debug|x64
		{9BFD99FC-E98D-4A93-9CDC-D991B01C9B9A}.TM_Debug|x86.ActiveCfg = TM_Debug|Win32
		{9BFD99FC-E98D-4A93-9CDC-D991B01C9B9A}.TM_Debug|x86.Build.0 = TM_Debug|Win32
		{557B5789-81DD-4DEB-8A09-529C92905312}.Debug|x64.ActiveCfg = Debug|x64
		{557B5789-81DD-4DEB-8A09-529C92905312}.Debug|x64.Build.0 = Debug|x64
		{557B5789-81DD-4DEB-8A09-529C92905312}.Debug|x86.ActiveCfg = Debug|Win32
		{557B5789-81DD-4DEB-8A09-529C92905312}.Debug|x86.Build.0 = Debug|Win32
		{557B5789-81DD-4DEB-8A09-529C92905312}.Release|x64.ActiveCfg = Release|x64
		{557B5789-81DD-4DEB-8A09-529C92905312}.Release|x64.Build.0 = Release|x64
		{557B5789-81DD-4DEB-8A09-529C92905312}.Release|x86.ActiveCfg = Release|Win32
		{557B5789-81DD-4DEB-8A09-529C92905312}.Release|x86.Build.0 = Release|Win32
		{557B5789-81DD-4DEB-8A09-529C92905312}.TM_Debug|x64.ActiveCfg = TM_Debug|x64
		{557B5789-81DD-4DEB-8A09-529C92905312}.TM_Debug|x64.Build.0 = TM_Debug|x64
		{557B5789-81DD-4DEB-8A09-529C92905312}.TM_Debug|x86.ActiveCfg = TM_Debug|Win32
		{557B5789-81DD-4DEB-8A09-529C92905312}.TM_Debug|x86.Build.0 = TM_Debug|Win32
		{14CC46E3-0626-423B-B29D-AA7EDD1EE251}.Debug|x64.ActiveCfg = Debug|x64
		{14CC46E3-0626-423B-B29D-AA7EDD1EE251}.Debug|x64.Build.0 = Debug|x64
		{14CC46E3-0626-423B-B29D-AA7EDD1EE251}.Debug|x86.ActiveCfg = Debug|Win32
		{14CC46E3-0626-423B-B29D-AA7EDD1EE251}.Debug|x86.Build.0 = Debug|Win32
		{14CC46E3-0626-423B-B29D-AA7EDD1EE251}.Release|x64.ActiveCfg = Release|x64
		{14CC46E3-0626-423B-B29D-AA7EDD1EE251}.Release|x64.Build.0 = Release|x64
		{14CC46E3-0626-423B-B29D-AA7EDD1EE251}.Release|x86.ActiveCfg = Release|Win32
		{14CC46E3-0626-423B-B29D-AA7EDD1EE251}.Release|x86.Build.0 = Release|Win32
		{14CC46E3-0626-423B-B29D-AA7EDD1EE251}.TM_Debug|x64.ActiveCfg = TM_Debug|x64
		{14CC46E3-0626-423B-B29D-AA7EDD1EE251}.TM_Debug|x64.Build.0 = TM_Debug|x64
		{14CC46E3-0626-423B-B29D-AA7EDD1EE251}.TM_Debug|x86.ActiveCfg = TM_Debug|Win32
		{14CC46E3-0626-423B-B29D-AA7EDD1EE251}.TM_Debug|x86.Build.0 = TM_Debug|Win32
		{58D9F004-AE4C-4EE7-9A1A-33F9C0F96883}.Debug|x64.ActiveCfg = Debug|x64
		{58D9F004-AE4C-4EE7-9A1A-33F9C0F96883}.Debug|x64.Build.0 = Debug|x64
		{58D9F004-AE4C-4EE7-9A1A-33F9C0F96883}.Debug|x86.ActiveCfg = Debug|Win32
		{58D9F004-AE4C-4EE7-9A1A-33F9C0F96883}.Debug|x86.Build.0 = Debug|Win32
		{58D9F004-AE4C-4EE7-9A1A-33F9C0F96883}.Release|x64.ActiveCfg = Release|x64
		{58D9F004-AE4C-4EE7-9A1A-33F9C0F96883}.Release|x64.Build.0 = Release|x64
		{58D9F004-AE4C-4EE7-9A1A-33F9C0F96883}.Release|x86.ActiveCfg = Release|Win32
		{58D9F004-AE4C-4EE7-9A1A-33F9C0F96883}.Release|x86.Build.0 = Release|Win32
		{58D9F004-AE4C-4EE7-9A1A-33F9C0F96883}.TM_Debug|x64.ActiveCfg = TM_Debug|x64
		{58D9F004-AE4C-4EE7-9A1A-33F9C0F96883}.TM_Debug|x64.Build.0 = TM_Debug|x64
		{58D9F004-AE4C-4EE7-9A1A-33F9C0F96883}.TM_Debug|x86.ActiveCfg = TM_Debug|Win32
		{58D9F004-AE4C-4EE7-9A1A-33F9C0F96883}.TM_Debug|x86.Build.0 = TM_Debug|Win32
		{41D4E0FA-0137-477B-94B0-830E7BB12706}.Debug|x64.ActiveCfg = Debug|x64
		{41D4E0FA-0137-477B-94B0-830E7BB12706}.Debug|x64.Build.0 = Debug|x64
		{41D4E0FA-0137-477B-94B0-830E7BB12706}.Debug|x86.ActiveCfg = Debug|Win32
		{41D4E0FA-0137-477B-94B0-830E7BB12706}.Debug|x86.Build.0 = Debug|Win32
		{41D4E0FA-0137-477B-94B0-830E7BB12706}.Release|x64.ActiveCfg = Release|x64
		{41D4E0FA-0137-477B-94B0-830E7BB12706}.Release|x64.Build.0 = Release|x64
		{41D4E0FA-0137-477B-94B0-830E7BB12706}.Release|x86.ActiveCfg = Release|Win32
		{41D4E0FA-0137-477B-94B0-830E7BB12706}.Release|x86.Build.0 = Release|Win32
		{41D4E0FA-0137-477B-94B0-830E7BB12706}.TM_Debug|x64.ActiveCfg = TM_Debug|x64
		{41D4E0FA-0137-477B-94B0-830E7BB12706}.TM_Debug|x64.Build.0 = TM_Debug|x64
		{41D4E0FA-0137-477B-94B0-830E7BB12706}.TM_Debug|x86.ActiveCfg = TM_Debug|Win32
		{41D4E0FA-0137-477B-94B0-830E7BB12706}.TM_Debug|x86.Build.0 = TM_Debug|Win32
	EndGlobalSection
	GlobalSection(SolutionProperties) = preSolution
		HideSolutionNode = FALSE
	EndGlobalSection
	GlobalSection(ExtensibilityGlobals) = postSolution
		SolutionGuid = {51DBC52E-AF6B-400B-87F4-87A1F6B6DAA9}
	EndGlobalSection
EndGlobal
